
Microsoft Visual Studio Solution File, Format Version 12.00
# Visual Studio 15
VisualStudioVersion = 15.0.28307.168
MinimumVisualStudioVersion = 10.0.40219.1
Project("{FAE04EC0-301F-11D3-BF4B-00C04F79EFBC}") = "BackEndProject", "BackEndProject\BackEndProject.csproj", "{20935F9E-8978-452A-993E-0E00B40C4CBF}"
EndProject
Project("{FAE04EC0-301F-11D3-BF4B-00C04F79EFBC}") = "ViewProject", "ViewProject\ViewProject.csproj", "{529806C4-FE53-4A9D-8CD8-D600CE6F4302}"
EndProject
Global
	GlobalSection(SolutionConfigurationPlatforms) = preSolution
		Debug|Any CPU = Debug|Any CPU
		Release|Any CPU = Release|Any CPU
	EndGlobalSection
	GlobalSection(ProjectConfigurationPlatforms) = postSolution
		{20935F9E-8978-452A-993E-0E00B40C4CBF}.Debug|Any CPU.ActiveCfg = Debug|Any CPU
		{20935F9E-8978-452A-993E-0E00B40C4CBF}.Debug|Any CPU.Build.0 = Debug|Any CPU
		{20935F9E-8978-452A-993E-0E00B40C4CBF}.Release|Any CPU.ActiveCfg = Release|Any CPU
		{20935F9E-8978-452A-993E-0E00B40C4CBF}.Release|Any CPU.Build.0 = Release|Any CPU
		{529806C4-FE53-4A9D-8CD8-D600CE6F4302}.Debug|Any CPU.ActiveCfg = Debug|Any CPU
		{529806C4-FE53-4A9D-8CD8-D600CE6F4302}.Debug|Any CPU.Build.0 = Debug|Any CPU
		{529806C4-FE53-4A9D-8CD8-D600CE6F4302}.Release|Any CPU.ActiveCfg = Release|Any CPU
		{529806C4-FE53-4A9D-8CD8-D600CE6F4302}.Release|Any CPU.Build.0 = Release|Any CPU
	EndGlobalSection
	GlobalSection(SolutionProperties) = preSolution
		HideSolutionNode = FALSE
	EndGlobalSection
	GlobalSection(ExtensibilityGlobals) = postSolution
		SolutionGuid = {50FB782C-3611-4985-BC41-D9003F66C406}
	EndGlobalSection
EndGlobal
